{
  "name": "@writetome51/get-object-copy",
  "version": "0.0.1",
  "lockfileVersion": 1,
  "requires": true,
  "dependencies": {
    "@writetome51/modify-object": {
      "version": "1.0.0",
      "resolved": "https://registry.npmjs.org/@writetome51/modify-object/-/modify-object-1.0.0.tgz",
      "integrity": "sha512-m7YkBKk9xVCII76i3tQEH59GuCHzwn1XjJP+syjTkibf0fB3dWyy6KhRZ4lVA6mySHnBCnoaoCjDQjn7C/PLgQ=="
    }
  }
}
